// !$*UTF8*$!
{
	archiveVersion = 1;
	classes = {
	};
	objectVersion = 50;
	objects = {

/* Begin PBXBuildFile section */
		EB1FF7CA215BB7C600E540D3 /* Card.swift in Sources */ = {isa = PBXBuildFile; fileRef = EB1FF7C9215BB7C600E540D3 /* Card.swift */; };
		EBA0B49E21546B6200B4949C /* AppDelegate.swift in Sources */ = {isa = PBXBuildFile; fileRef = EBA0B49D21546B6200B4949C /* AppDelegate.swift */; };
		EBA0B4A021546B6200B4949C /* ViewController.swift in Sources */ = {isa = PBXBuildFile; fileRef = EBA0B49F21546B6200B4949C /* ViewController.swift */; };
		EBA0B4A321546B6200B4949C /* Main.storyboard in Resources */ = {isa = PBXBuildFile; fileRef = EBA0B4A121546B6200B4949C /* Main.storyboard */; };
		EBA0B4A521546B6700B4949C /* Assets.xcassets in Resources */ = {isa = PBXBuildFile; fileRef = EBA0B4A421546B6700B4949C /* Assets.xcassets */; };
		EBA0B4A821546B6700B4949C /* LaunchScreen.storyboard in Resources */ = {isa = PBXBuildFile; fileRef = EBA0B4A621546B6700B4949C /* LaunchScreen.storyboard */; };
		EBA0B4B321546B6700B4949C /* FlashCardsTests.swift in Sources */ = {isa = PBXBuildFile; fileRef = EBA0B4B221546B6700B4949C /* FlashCardsTests.swift */; };
		EBA0B4BE21546B6700B4949C /* FlashCardsUITests.swift in Sources */ = {isa = PBXBuildFile; fileRef = EBA0B4BD21546B6700B4949C /* FlashCardsUITests.swift */; };
/* End PBXBuildFile section */

/* Begin PBXContainerItemProxy section */
		EBA0B4AF21546B6700B4949C /* PBXContainerItemProxy */ = {
			isa = PBXContainerItemProxy;
			containerPortal = EBA0B49221546B6100B4949C /* Project object */;
			proxyType = 1;
			remoteGlobalIDString = EBA0B49921546B6200B4949C;
			remoteInfo = FlashCards;
		};
		EBA0B4BA21546B6700B4949C /* PBXContainerItemProxy */ = {
			isa = PBXContainerItemProxy;
			containerPortal = EBA0B49221546B6100B4949C /* Project object */;
			proxyType = 1;
			remoteGlobalIDString = EBA0B49921546B6200B4949C;
			remoteInfo = FlashCards;
		};
/* End PBXContainerItemProxy section */

/* Begin PBXFileReference section */
		EB1FF7C9215BB7C600E540D3 /* Card.swift */ = {isa = PBXFileReference; lastKnownFileType = sourcecode.swift; path = Card.swift; sourceTree = "<group>"; };
		EBA0B49A21546B6200B4949C /* FlashCards.app */ = {isa = PBXFileReference; explicitFileType = wrapper.application; includeInIndex = 0; path = FlashCards.app; sourceTree = BUILT_PRODUCTS_DIR; };
		EBA0B49D21546B6200B4949C /* AppDelegate.swift */ = {isa = PBXFileReference; lastKnownFileType = sourcecode.swift; path = AppDelegate.swift; sourceTree = "<group>"; };
		EBA0B49F21546B6200B4949C /* ViewController.swift */ = {isa = PBXFileReference; lastKnownFileType = sourcecode.swift; path = ViewController.swift; sourceTree = "<group>"; };
		EBA0B4A221546B6200B4949C /* Base */ = {isa = PBXFileReference; lastKnownFileType = file.storyboard; name = Base; path = Base.lproj/Main.storyboard; sourceTree = "<group>"; };
		EBA0B4A421546B6700B4949C /* Assets.xcassets */ = {isa = PBXFileReference; lastKnownFileType = folder.assetcatalog; path = Assets.xcassets; sourceTree = "<group>"; };
		EBA0B4A721546B6700B4949C /* Base */ = {isa = PBXFileReference; lastKnownFileType = file.storyboard; name = Base; path = Base.lproj/LaunchScreen.storyboard; sourceTree = "<group>"; };
		EBA0B4A921546B6700B4949C /* Info.plist */ = {isa = PBXFileReference; lastKnownFileType = text.plist.xml; path = Info.plist; sourceTree = "<group>"; };
		EBA0B4AE21546B6700B4949C /* FlashCardsTests.xctest */ = {isa = PBXFileReference; explicitFileType = wrapper.cfbundle; includeInIndex = 0; path = FlashCardsTests.xctest; sourceTree = BUILT_PRODUCTS_DIR; };
		EBA0B4B221546B6700B4949C /* FlashCardsTests.swift */ = {isa = PBXFileReference; lastKnownFileType = sourcecode.swift; path = FlashCardsTests.swift; sourceTree = "<group>"; };
		EBA0B4B421546B6700B4949C /* Info.plist */ = {isa = PBXFileReference; lastKnownFileType = text.plist.xml; path = Info.plist; sourceTree = "<group>"; };
		EBA0B4B921546B6700B4949C /* FlashCardsUITests.xctest */ = {isa = PBXFileReference; explicitFileType = wrapper.cfbundle; includeInIndex = 0; path = FlashCardsUITests.xctest; sourceTree = BUILT_PRODUCTS_DIR; };
		EBA0B4BD21546B6700B4949C /* FlashCardsUITests.swift */ = {isa = PBXFileReference; lastKnownFileType = sourcecode.swift; path = FlashCardsUITests.swift; sourceTree = "<group>"; };
		EBA0B4BF21546B6700B4949C /* Info.plist */ = {isa = PBXFileReference; lastKnownFileType = text.plist.xml; path = Info.plist; sourceTree = "<group>"; };
/* End PBXFileReference section */

/* Begin PBXFrameworksBuildPhase section */
		EBA0B49721546B6200B4949C /* Frameworks */ = {
			isa = PBXFrameworksBuildPhase;
			buildActionMask = 2147483647;
			files = (
			);
			runOnlyForDeploymentPostprocessing = 0;
		};
		EBA0B4AB21546B6700B4949C /* Frameworks */ = {
			isa = PBXFrameworksBuildPhase;
			buildActionMask = 2147483647;
			files = (
			);
			runOnlyForDeploymentPostprocessing = 0;
		};
		EBA0B4B621546B6700B4949C /* Frameworks */ = {
			isa = PBXFrameworksBuildPhase;
			buildActionMask = 2147483647;
			files = (
			);
			runOnlyForDeploymentPostprocessing = 0;
		};
/* End PBXFrameworksBuildPhase section */

/* Begin PBXGroup section */
		EBA0B49121546B6100B4949C = {
			isa = PBXGroup;
			children = (
				EBA0B49C21546B6200B4949C /* FlashCards */,
				EBA0B4B121546B6700B4949C /* FlashCardsTests */,
				EBA0B4BC21546B6700B4949C /* FlashCardsUITests */,
				EBA0B49B21546B6200B4949C /* Products */,
			);
			sourceTree = "<group>";
		};
		EBA0B49B21546B6200B4949C /* Products */ = {
			isa = PBXGroup;
			children = (
				EBA0B49A21546B6200B4949C /* FlashCards.app */,
				EBA0B4AE21546B6700B4949C /* FlashCardsTests.xctest */,
				EBA0B4B921546B6700B4949C /* FlashCardsUITests.xctest */,
			);
			name = Products;
			sourceTree = "<group>";
		};
		EBA0B49C21546B6200B4949C /* FlashCards */ = {
			isa = PBXGroup;
			children = (
				EBA0B49D21546B6200B4949C /* AppDelegate.swift */,
				EBA0B49F21546B6200B4949C /* ViewController.swift */,
				EBA0B4A121546B6200B4949C /* Main.storyboard */,
				EB1FF7C9215BB7C600E540D3 /* Card.swift */,
				EBA0B4A421546B6700B4949C /* Assets.xcassets */,
				EBA0B4A621546B6700B4949C /* LaunchScreen.storyboard */,
				EBA0B4A921546B6700B4949C /* Info.plist */,
			);
			path = FlashCards;
			sourceTree = "<group>";
		};
		EBA0B4B121546B6700B4949C /* FlashCardsTests */ = {
			isa = PBXGroup;
			children = (
				EBA0B4B221546B6700B4949C /* FlashCardsTests.swift */,
				EBA0B4B421546B6700B4949C /* Info.plist */,
			);
			path = FlashCardsTests;
			sourceTree = "<group>";
		};
		EBA0B4BC21546B6700B4949C /* FlashCardsUITests */ = {
			isa = PBXGroup;
			children = (
				EBA0B4BD21546B6700B4949C /* FlashCardsUITests.swift */,
				EBA0B4BF21546B6700B4949C /* Info.plist */,
			);
			path = FlashCardsUITests;
			sourceTree = "<group>";
		};
/* End PBXGroup section */

/* Begin PBXNativeTarget section */
		EBA0B49921546B6200B4949C /* FlashCards */ = {
			isa = PBXNativeTarget;
			buildConfigurationList = EBA0B4C221546B6700B4949C /* Build configuration list for PBXNativeTarget "FlashCards" */;
			buildPhases = (
				EBA0B49621546B6200B4949C /* Sources */,
				EBA0B49721546B6200B4949C /* Frameworks */,
				EBA0B49821546B6200B4949C /* Resources */,
			);
			buildRules = (
			);
			dependencies = (
			);
			name = FlashCards;
			productName = FlashCards;
			productReference = EBA0B49A21546B6200B4949C /* FlashCards.app */;
			productType = "com.apple.product-type.application";
		};
		EBA0B4AD21546B6700B4949C /* FlashCardsTests */ = {
			isa = PBXNativeTarget;
			buildConfigurationList = EBA0B4C521546B6700B4949C /* Build configuration list for PBXNativeTarget "FlashCardsTests" */;
			buildPhases = (
				EBA0B4AA21546B6700B4949C /* Sources */,
				EBA0B4AB21546B6700B4949C /* Frameworks */,
				EBA0B4AC21546B6700B4949C /* Resources */,
			);
			buildRules = (
			);
			dependencies = (
				EBA0B4B021546B6700B4949C /* PBXTargetDependency */,
			);
			name = FlashCardsTests;
			productName = FlashCardsTests;
			productReference = EBA0B4AE21546B6700B4949C /* FlashCardsTests.xctest */;
			productType = "com.apple.product-type.bundle.unit-test";
		};
		EBA0B4B821546B6700B4949C /* FlashCardsUITests */ = {
			isa = PBXNativeTarget;
			buildConfigurationList = EBA0B4C821546B6700B4949C /* Build configuration list for PBXNativeTarget "FlashCardsUITests" */;
			buildPhases = (
				EBA0B4B521546B6700B4949C /* Sources */,
				EBA0B4B621546B6700B4949C /* Frameworks */,
				EBA0B4B721546B6700B4949C /* Resources */,
			);
			buildRules = (
			);
			dependencies = (
				EBA0B4BB21546B6700B4949C /* PBXTargetDependency */,
			);
			name = FlashCardsUITests;
			productName = FlashCardsUITests;
			productReference = EBA0B4B921546B6700B4949C /* FlashCardsUITests.xctest */;
			productType = "com.apple.product-type.bundle.ui-testing";
		};
/* End PBXNativeTarget section */

/* Begin PBXProject section */
		EBA0B49221546B6100B4949C /* Project object */ = {
			isa = PBXProject;
			attributes = {
				LastSwiftUpdateCheck = 0930;
				LastUpgradeCheck = 0930;
				ORGANIZATIONNAME = AirCo;
				TargetAttributes = {
					EBA0B49921546B6200B4949C = {
						CreatedOnToolsVersion = 9.3.1;
					};
					EBA0B4AD21546B6700B4949C = {
						CreatedOnToolsVersion = 9.3.1;
						TestTargetID = EBA0B49921546B6200B4949C;
					};
					EBA0B4B821546B6700B4949C = {
						CreatedOnToolsVersion = 9.3.1;
						TestTargetID = EBA0B49921546B6200B4949C;
					};
				};
			};
			buildConfigurationList = EBA0B49521546B6100B4949C /* Build configuration list for PBXProject "FlashCards" */;
			compatibilityVersion = "Xcode 9.3";
			developmentRegion = en;
			hasScannedForEncodings = 0;
			knownRegions = (
				en,
				Base,
			);
			mainGroup = EBA0B49121546B6100B4949C;
			productRefGroup = EBA0B49B21546B6200B4949C /* Products */;
			projectDirPath = "";
			projectRoot = "";
			targets = (
				EBA0B49921546B6200B4949C /* FlashCards */,
				EBA0B4AD21546B6700B4949C /* FlashCardsTests */,
				EBA0B4B821546B6700B4949C /* FlashCardsUITests */,
			);
		};
/* End PBXProject section */

/* Begin PBXResourcesBuildPhase section */
		EBA0B49821546B6200B4949C /* Resources */ = {
			isa = PBXResourcesBuildPhase;
			buildActionMask = 2147483647;
			files = (
				EBA0B4A821546B6700B4949C /* LaunchScreen.storyboard in Resources */,
				EBA0B4A521546B6700B4949C /* Assets.xcassets in Resources */,
				EBA0B4A321546B6200B4949C /* Main.storyboard in Resources */,
			);
			runOnlyForDeploymentPostprocessing = 0;
		};
		EBA0B4AC21546B6700B4949C /* Resources */ = {
			isa = PBXResourcesBuildPhase;
			buildActionMask = 2147483647;
			files = (
			);
			runOnlyForDeploymentPostprocessing = 0;
		};
		EBA0B4B721546B6700B4949C /* Resources */ = {
			isa = PBXResourcesBuildPhase;
			buildActionMask = 2147483647;
			files = (
			);
			runOnlyForDeploymentPostprocessing = 0;
		};
/* End PBXResourcesBuildPhase section */

/* Begin PBXSourcesBuildPhase section */
		EBA0B49621546B6200B4949C /* Sources */ = {
			isa = PBXSourcesBuildPhase;
			buildActionMask = 2147483647;
			files = (
				EBA0B4A021546B6200B4949C /* ViewController.swift in Sources */,
				EB1FF7CA215BB7C600E540D3 /* Card.swift in Sources */,
				EBA0B49E21546B6200B4949C /* AppDelegate.swift in Sources */,
			);
			runOnlyForDeploymentPostprocessing = 0;
		};
		EBA0B4AA21546B6700B4949C /* Sources */ = {
			isa = PBXSourcesBuildPhase;
			buildActionMask = 2147483647;
			files = (
				EBA0B4B321546B6700B4949C /* FlashCardsTests.swift in Sources */,
			);
			runOnlyForDeploymentPostprocessing = 0;
		};
		EBA0B4B521546B6700B4949C /* Sources */ = {
			isa = PBXSourcesBuildPhase;
			buildActionMask = 2147483647;
			files = (
				EBA0B4BE21546B6700B4949C /* FlashCardsUITests.swift in Sources */,
			);
			runOnlyForDeploymentPostprocessing = 0;
		};
/* End PBXSourcesBuildPhase section */

/* Begin PBXTargetDependency section */
		EBA0B4B021546B6700B4949C /* PBXTargetDependency */ = {
			isa = PBXTargetDependency;
			target = EBA0B49921546B6200B4949C /* FlashCards */;
			targetProxy = EBA0B4AF21546B6700B4949C /* PBXContainerItemProxy */;
		};
		EBA0B4BB21546B6700B4949C /* PBXTargetDependency */ = {
			isa = PBXTargetDependency;
			target = EBA0B49921546B6200B4949C /* FlashCards */;
			targetProxy = EBA0B4BA21546B6700B4949C /* PBXContainerItemProxy */;
		};
/* End PBXTargetDependency section */

/* Begin PBXVariantGroup section */
		EBA0B4A121546B6200B4949C /* Main.storyboard */ = {
			isa = PBXVariantGroup;
			children = (
				EBA0B4A221546B6200B4949C /* Base */,
			);
			name = Main.storyboard;
			sourceTree = "<group>";
		};
		EBA0B4A621546B6700B4949C /* LaunchScreen.storyboard */ = {
			isa = PBXVariantGroup;
			children = (
				EBA0B4A721546B6700B4949C /* Base */,
			);
			name = LaunchScreen.storyboard;
			sourceTree = "<group>";
		};
/* End PBXVariantGroup section */

/* Begin XCBuildConfiguration section */
		EBA0B4C021546B6700B4949C /* Debug */ = {
			isa = XCBuildConfiguration;
			buildSettings = {
				ALWAYS_SEARCH_USER_PATHS = NO;
				CLANG_ANALYZER_NONNULL = YES;
				CLANG_ANALYZER_NUMBER_OBJECT_CONVERSION = YES_AGGRESSIVE;
				CLANG_CXX_LANGUAGE_STANDARD = "gnu++14";
				CLANG_CXX_LIBRARY = "libc++";
				CLANG_ENABLE_MODULES = YES;
				CLANG_ENABLE_OBJC_ARC = YES;
				CLANG_ENABLE_OBJC_WEAK = YES;
				CLANG_WARN_BLOCK_CAPTURE_AUTORELEASING = YES;
				CLANG_WARN_BOOL_CONVERSION = YES;
				CLANG_WARN_COMMA = YES;
				CLANG_WARN_CONSTANT_CONVERSION = YES;
				CLANG_WARN_DEPRECATED_OBJC_IMPLEMENTATIONS = YES;
				CLANG_WARN_DIRECT_OBJC_ISA_USAGE = YES_ERROR;
				CLANG_WARN_DOCUMENTATION_COMMENTS = YES;
				CLANG_WARN_EMPTY_BODY = YES;
				CLANG_WARN_ENUM_CONVERSION = YES;
				CLANG_WARN_INFINITE_RECURSION = YES;
				CLANG_WARN_INT_CONVERSION = YES;
				CLANG_WARN_NON_LITERAL_NULL_CONVERSION = YES;
				CLANG_WARN_OBJC_IMPLICIT_RETAIN_SELF = YES;
				CLANG_WARN_OBJC_LITERAL_CONVERSION = YES;
				CLANG_WARN_OBJC_ROOT_CLASS = YES_ERROR;
				CLANG_WARN_RANGE_LOOP_ANALYSIS = YES;
				CLANG_WARN_STRICT_PROTOTYPES = YES;
				CLANG_WARN_SUSPICIOUS_MOVE = YES;
				CLANG_WARN_UNGUARDED_AVAILABILITY = YES_AGGRESSIVE;
				CLANG_WARN_UNREACHABLE_CODE = YES;
				CLANG_WARN__DUPLICATE_METHOD_MATCH = YES;
				CODE_SIGN_IDENTITY = "iPhone Developer";
				COPY_PHASE_STRIP = NO;
				DEBUG_INFORMATION_FORMAT = dwarf;
				ENABLE_STRICT_OBJC_MSGSEND = YES;
				ENABLE_TESTABILITY = YES;
				GCC_C_LANGUAGE_STANDARD = gnu11;
				GCC_DYNAMIC_NO_PIC = NO;
				GCC_NO_COMMON_BLOCKS = YES;
				GCC_OPTIMIZATION_LEVEL = 0;
				GCC_PREPROCESSOR_DEFINITIONS = (
					"DEBUG=1",
					"$(inherited)",
				);
				GCC_WARN_64_TO_32_BIT_CONVERSION = YES;
				GCC_WARN_ABOUT_RETURN_TYPE = YES_ERROR;
				GCC_WARN_UNDECLARED_SELECTOR = YES;
				GCC_WARN_UNINITIALIZED_AUTOS = YES_AGGRESSIVE;
				GCC_WARN_UNUSED_FUNCTION = YES;
				GCC_WARN_UNUSED_VARIABLE = YES;
				IPHONEOS_DEPLOYMENT_TARGET = 11.3;
				MTL_ENABLE_DEBUG_INFO = YES;
				ONLY_ACTIVE_ARCH = YES;
				SDKROOT = iphoneos;
				SWIFT_ACTIVE_COMPILATION_CONDITIONS = DEBUG;
				SWIFT_OPTIMIZATION_LEVEL = "-Onone";
			};
			name = Debug;
		};
		EBA0B4C121546B6700B4949C /* Release */ = {
			isa = XCBuildConfiguration;
			buildSettings = {
				ALWAYS_SEARCH_USER_PATHS = NO;
				CLANG_ANALYZER_NONNULL = YES;
				CLANG_ANALYZER_NUMBER_OBJECT_CONVERSION = YES_AGGRESSIVE;
				CLANG_CXX_LANGUAGE_STANDARD = "gnu++14";
				CLANG_CXX_LIBRARY = "libc++";
				CLANG_ENABLE_MODULES = YES;
				CLANG_ENABLE_OBJC_ARC = YES;
				CLANG_ENABLE_OBJC_WEAK = YES;
				CLANG_WARN_BLOCK_CAPTURE_AUTORELEASING = YES;
				CLANG_WARN_BOOL_CONVERSION = YES;
				CLANG_WARN_COMMA = YES;
				CLANG_WARN_CONSTANT_CONVERSION = YES;
				CLANG_WARN_DEPRECATED_OBJC_IMPLEMENTATIONS = YES;
				CLANG_WARN_DIRECT_OBJC_ISA_USAGE = YES_ERROR;
				CLANG_WARN_DOCUMENTATION_COMMENTS = YES;
				CLANG_WARN_EMPTY_BODY = YES;
				CLANG_WARN_ENUM_CONVERSION = YES;
				CLANG_WARN_INFINITE_RECURSION = YES;
				CLANG_WARN_INT_CONVERSION = YES;
				CLANG_WARN_NON_LITERAL_NULL_CONVERSION = YES;
				CLANG_WARN_OBJC_IMPLICIT_RETAIN_SELF = YES;
				CLANG_WARN_OBJC_LITERAL_CONVERSION = YES;
				CLANG_WARN_OBJC_ROOT_CLASS = YES_ERROR;
				CLANG_WARN_RANGE_LOOP_ANALYSIS = YES;
				CLANG_WARN_STRICT_PROTOTYPES = YES;
				CLANG_WARN_SUSPICIOUS_MOVE = YES;
				CLANG_WARN_UNGUARDED_AVAILABILITY = YES_AGGRESSIVE;
				CLANG_WARN_UNREACHABLE_CODE = YES;
				CLANG_WARN__DUPLICATE_METHOD_MATCH = YES;
				CODE_SIGN_IDENTITY = "iPhone Developer";
				COPY_PHASE_STRIP = NO;
				DEBUG_INFORMATION_FORMAT = "dwarf-with-dsym";
				ENABLE_NS_ASSERTIONS = NO;
				ENABLE_STRICT_OBJC_MSGSEND = YES;
				GCC_C_LANGUAGE_STANDARD = gnu11;
				GCC_NO_COMMON_BLOCKS = YES;
				GCC_WARN_64_TO_32_BIT_CONVERSION = YES;
				GCC_WARN_ABOUT_RETURN_TYPE = YES_ERROR;
				GCC_WARN_UNDECLARED_SELECTOR = YES;
				GCC_WARN_UNINITIALIZED_AUTOS = YES_AGGRESSIVE;
				GCC_WARN_UNUSED_FUNCTION = YES;
				GCC_WARN_UNUSED_VARIABLE = YES;
				IPHONEOS_DEPLOYMENT_TARGET = 11.3;
				MTL_ENABLE_DEBUG_INFO = NO;
				SDKROOT = iphoneos;
				SWIFT_COMPILATION_MODE = wholemodule;
				SWIFT_OPTIMIZATION_LEVEL = "-O";
				VALIDATE_PRODUCT = YES;
			};
			name = Release;
		};
		EBA0B4C321546B6700B4949C /* Debug */ = {
			isa = XCBuildConfiguration;
			buildSettings = {
				ASSETCATALOG_COMPILER_APPICON_NAME = AppIcon;
				CODE_SIGN_STYLE = Automatic;
				DEVELOPMENT_TEAM = UK47KNC92Q;
				INFOPLIST_FILE = FlashCards/Info.plist;
				LD_RUNPATH_SEARCH_PATHS = (
					"$(inherited)",
					"@executable_path/Frameworks",
				);
				PRODUCT_BUNDLE_IDENTIFIER = AirCo.FlashCards;
				PRODUCT_NAME = "$(TARGET_NAME)";
				SWIFT_VERSION = 4.0;
				TARGETED_DEVICE_FAMILY = "1,2";
			};
			name = Debug;
		};
		EBA0B4C421546B6700B4949C /* Release */ = {
			isa = XCBuildConfiguration;
			buildSettings = {
				ASSETCATALOG_COMPILER_APPICON_NAME = AppIcon;
				CODE_SIGN_STYLE = Automatic;
				DEVELOPMENT_TEAM = UK47KNC92Q;
				INFOPLIST_FILE = FlashCards/Info.plist;
				LD_RUNPATH_SEARCH_PATHS = (
					"$(inherited)",
					"@executable_path/Frameworks",
				);
				PRODUCT_BUNDLE_IDENTIFIER = AirCo.FlashCards;
				PRODUCT_NAME = "$(TARGET_NAME)";
				SWIFT_VERSION = 4.0;
				TARGETED_DEVICE_FAMILY = "1,2";
			};
			name = Release;
		};
		EBA0B4C621546B6700B4949C /* Debug */ = {
			isa = XCBuildConfiguration;
			buildSettings = {
				ALWAYS_EMBED_SWIFT_STANDARD_LIBRARIES = YES;
				BUNDLE_LOADER = "$(TEST_HOST)";
				CODE_SIGN_STYLE = Automatic;
				DEVELOPMENT_TEAM = UK47KNC92Q;
				INFOPLIST_FILE = FlashCardsTests/Info.plist;
				LD_RUNPATH_SEARCH_PATHS = (
					"$(inherited)",
					"@executable_path/Frameworks",
					"@loader_path/Frameworks",
				);
				PRODUCT_BUNDLE_IDENTIFIER = AirCo.FlashCardsTests;
				PRODUCT_NAME = "$(TARGET_NAME)";
				SWIFT_VERSION = 4.0;
				TARGETED_DEVICE_FAMILY = "1,2";
				TEST_HOST = "$(BUILT_PRODUCTS_DIR)/FlashCards.app/FlashCards";
			};
			name = Debug;
		};
		EBA0B4C721546B6700B4949C /* Release */ = {
			isa = XCBuildConfiguration;
			buildSettings = {
				ALWAYS_EMBED_SWIFT_STANDARD_LIBRARIES = YES;
				BUNDLE_LOADER = "$(TEST_HOST)";
				CODE_SIGN_STYLE = Automatic;
				DEVELOPMENT_TEAM = UK47KNC92Q;
				INFOPLIST_FILE = FlashCardsTests/Info.plist;
				LD_RUNPATH_SEARCH_PATHS = (
					"$(inherited)",
					"@executable_path/Frameworks",
					"@loader_path/Frameworks",
				);
				PRODUCT_BUNDLE_IDENTIFIER = AirCo.FlashCardsTests;
				PRODUCT_NAME = "$(TARGET_NAME)";
				SWIFT_VERSION = 4.0;
				TARGETED_DEVICE_FAMILY = "1,2";
				TEST_HOST = "$(BUILT_PRODUCTS_DIR)/FlashCards.app/FlashCards";
			};
			name = Release;
		};
		EBA0B4C921546B6700B4949C /* Debug */ = {
			isa = XCBuildConfiguration;
			buildSettings = {
				ALWAYS_EMBED_SWIFT_STANDARD_LIBRARIES = YES;
				CODE_SIGN_STYLE = Automatic;
				DEVELOPMENT_TEAM = UK47KNC92Q;
				INFOPLIST_FILE = FlashCardsUITests/Info.plist;
				LD_RUNPATH_SEARCH_PATHS = (
					"$(inherited)",
					"@executable_path/Frameworks",
					"@loader_path/Frameworks",
				);
				PRODUCT_BUNDLE_IDENTIFIER = AirCo.FlashCardsUITests;
				PRODUCT_NAME = "$(TARGET_NAME)";
				SWIFT_VERSION = 4.0;
				TARGETED_DEVICE_FAMILY = "1,2";
				TEST_TARGET_NAME = FlashCards;
			};
			name = Debug;
		};
		EBA0B4CA21546B6700B4949C /* Release */ = {
			isa = XCBuildConfiguration;
			buildSettings = {
				ALWAYS_EMBED_SWIFT_STANDARD_LIBRARIES = YES;
				CODE_SIGN_STYLE = Automatic;
				DEVELOPMENT_TEAM = UK47KNC92Q;
				INFOPLIST_FILE = FlashCardsUITests/Info.plist;
				LD_RUNPATH_SEARCH_PATHS = (
					"$(inherited)",
					"@executable_path/Frameworks",
					"@loader_path/Frameworks",
				);
				PRODUCT_BUNDLE_IDENTIFIER = AirCo.FlashCardsUITests;
				PRODUCT_NAME = "$(TARGET_NAME)";
				SWIFT_VERSION = 4.0;
				TARGETED_DEVICE_FAMILY = "1,2";
				TEST_TARGET_NAME = FlashCards;
			};
			name = Release;
		};
/* End XCBuildConfiguration section */

/* Begin XCConfigurationList section */
		EBA0B49521546B6100B4949C /* Build configuration list for PBXProject "FlashCards" */ = {
			isa = XCConfigurationList;
			buildConfigurations = (
				EBA0B4C021546B6700B4949C /* Debug */,
				EBA0B4C121546B6700B4949C /* Release */,
			);
			defaultConfigurationIsVisible = 0;
			defaultConfigurationName = Release;
		};
		EBA0B4C221546B6700B4949C /* Build configuration list for PBXNativeTarget "FlashCards" */ = {
			isa = XCConfigurationList;
			buildConfigurations = (
				EBA0B4C321546B6700B4949C /* Debug */,
				EBA0B4C421546B6700B4949C /* Release */,
			);
			defaultConfigurationIsVisible = 0;
			defaultConfigurationName = Release;
		};
		EBA0B4C521546B6700B4949C /* Build configuration list for PBXNativeTarget "FlashCardsTests" */ = {
			isa = XCConfigurationList;
			buildConfigurations = (
				EBA0B4C621546B6700B4949C /* Debug */,
				EBA0B4C721546B6700B4949C /* Release */,
			);
			defaultConfigurationIsVisible = 0;
			defaultConfigurationName = Release;
		};
		EBA0B4C821546B6700B4949C /* Build configuration list for PBXNativeTarget "FlashCardsUITests" */ = {
			isa = XCConfigurationList;
			buildConfigurations = (
				EBA0B4C921546B6700B4949C /* Debug */,
				EBA0B4CA21546B6700B4949C /* Release */,
			);
			defaultConfigurationIsVisible = 0;
			defaultConfigurationName = Release;
		};
/* End XCConfigurationList section */
	};
	rootObject = EBA0B49221546B6100B4949C /* Project object */;
}
